// !$*UTF8*$!
{
	archiveVersion = 1;
	classes = {
	};
	objectVersion = 46;
	objects = {

/* Begin PBXBuildFile section */
		918D3F01CE785A9C69E43512 /* Pods_RandomUser.framework in Frameworks */ = {isa = PBXBuildFile; fileRef = C2E3E01DDD2D50622CCF1B90 /* Pods_RandomUser.framework */; };
		B804BF781E87D7620058A86D /* DetailViewContent+Layout.swift in Sources */ = {isa = PBXBuildFile; fileRef = B804BF771E87D7620058A86D /* DetailViewContent+Layout.swift */; };
		B804BF7B1E87DA700058A86D /* TextFormatter.swift in Sources */ = {isa = PBXBuildFile; fileRef = B804BF7A1E87DA700058A86D /* TextFormatter.swift */; };
		B820AA3C1E2D639B00995706 /* User.swift in Sources */ = {isa = PBXBuildFile; fileRef = B820AA3B1E2D639B00995706 /* User.swift */; };
		B820AA3E1E2D65F200995706 /* MainViewController.swift in Sources */ = {isa = PBXBuildFile; fileRef = B820AA3D1E2D65F200995706 /* MainViewController.swift */; };
		B820AA401E2D660900995706 /* MainViewModel.swift in Sources */ = {isa = PBXBuildFile; fileRef = B820AA3F1E2D660900995706 /* MainViewModel.swift */; };
		B83107701E38D47900F45F75 /* SortingBar.swift in Sources */ = {isa = PBXBuildFile; fileRef = B831076F1E38D47900F45F75 /* SortingBar.swift */; };
		B83107731E392E1800F45F75 /* UIColor+Ext.swift in Sources */ = {isa = PBXBuildFile; fileRef = B83107721E392E1800F45F75 /* UIColor+Ext.swift */; };
		B83C03451E5DADFB00415B72 /* UILabel+Ext.swift in Sources */ = {isa = PBXBuildFile; fileRef = B83C03441E5DADFB00415B72 /* UILabel+Ext.swift */; };
		B83C034D1E5DB2E000415B72 /* UITextField+Ext.swift in Sources */ = {isa = PBXBuildFile; fileRef = B83C034C1E5DB2E000415B72 /* UITextField+Ext.swift */; };
		B83EC4031E2D696200D2014B /* ViewControllersAssembly.swift in Sources */ = {isa = PBXBuildFile; fileRef = B83EC4021E2D696200D2014B /* ViewControllersAssembly.swift */; };
		B83EC4051E2D696C00D2014B /* ViewModelsAssembly.swift in Sources */ = {isa = PBXBuildFile; fileRef = B83EC4041E2D696C00D2014B /* ViewModelsAssembly.swift */; };
		B83EC4071E2D697D00D2014B /* ManagersAssembly.swift in Sources */ = {isa = PBXBuildFile; fileRef = B83EC4061E2D697D00D2014B /* ManagersAssembly.swift */; };
		B83EC4091E2EA8EC00D2014B /* NetworkManager.swift in Sources */ = {isa = PBXBuildFile; fileRef = B83EC4081E2EA8EC00D2014B /* NetworkManager.swift */; };
		B83EC40C1E2EAABC00D2014B /* Constants.swift in Sources */ = {isa = PBXBuildFile; fileRef = B83EC40B1E2EAABC00D2014B /* Constants.swift */; };
		B83EC40F1E2EAAF900D2014B /* APIManager.swift in Sources */ = {isa = PBXBuildFile; fileRef = B83EC40E1E2EAAF900D2014B /* APIManager.swift */; };
		B83EC4111E2EAB1700D2014B /* APIConfig.swift in Sources */ = {isa = PBXBuildFile; fileRef = B83EC4101E2EAB1700D2014B /* APIConfig.swift */; };
		B86588581E4A0A38004D2F0A /* UIView+Ext.swift in Sources */ = {isa = PBXBuildFile; fileRef = B86588571E4A0A38004D2F0A /* UIView+Ext.swift */; };
		B8852F231E48E9120054179A /* NSObject+Ext.swift in Sources */ = {isa = PBXBuildFile; fileRef = B8852F221E48E9120054179A /* NSObject+Ext.swift */; };
		B88E99A01E5876CF00B0309F /* DetailViewController.swift in Sources */ = {isa = PBXBuildFile; fileRef = B88E999F1E5876CF00B0309F /* DetailViewController.swift */; };
		B89864881E64661A000CFBD2 /* Preloader.swift in Sources */ = {isa = PBXBuildFile; fileRef = B89864871E64661A000CFBD2 /* Preloader.swift */; };
		B89ACF461E2D5FFD00C6707B /* AppDelegate.swift in Sources */ = {isa = PBXBuildFile; fileRef = B89ACF451E2D5FFD00C6707B /* AppDelegate.swift */; };
		B89ACF4D1E2D5FFD00C6707B /* Assets.xcassets in Resources */ = {isa = PBXBuildFile; fileRef = B89ACF4C1E2D5FFD00C6707B /* Assets.xcassets */; };
		B89ACF501E2D5FFD00C6707B /* LaunchScreen.storyboard in Resources */ = {isa = PBXBuildFile; fileRef = B89ACF4E1E2D5FFD00C6707B /* LaunchScreen.storyboard */; };
		B89DD2D01E7AD65800D32FFA /* Gender.swift in Sources */ = {isa = PBXBuildFile; fileRef = B89DD2CF1E7AD65800D32FFA /* Gender.swift */; };
		B89DD2D21E7AD66E00D32FFA /* SortingMode.swift in Sources */ = {isa = PBXBuildFile; fileRef = B89DD2D11E7AD66E00D32FFA /* SortingMode.swift */; };
		B89DD2D41E7AD67800D32FFA /* DisplayMode.swift in Sources */ = {isa = PBXBuildFile; fileRef = B89DD2D31E7AD67800D32FFA /* DisplayMode.swift */; };
		B89DD2D61E7AD77700D32FFA /* LabelType.swift in Sources */ = {isa = PBXBuildFile; fileRef = B89DD2D51E7AD77700D32FFA /* LabelType.swift */; };
		B89DD2DC1E7AD7AD00D32FFA /* DataError.swift in Sources */ = {isa = PBXBuildFile; fileRef = B89DD2DB1E7AD7AD00D32FFA /* DataError.swift */; };
		B8A78CF91E7B581F0045A4CB /* APIConfigDefault.swift in Sources */ = {isa = PBXBuildFile; fileRef = B8A78CF81E7B581F0045A4CB /* APIConfigDefault.swift */; };
		B8AFBBA91E471DA500E25950 /* DetailViewModel.swift in Sources */ = {isa = PBXBuildFile; fileRef = B8AFBBA81E471DA500E25950 /* DetailViewModel.swift */; };
		B8AFBBAB1E47377B00E25950 /* DetailViewContent.swift in Sources */ = {isa = PBXBuildFile; fileRef = B8AFBBAA1E47377B00E25950 /* DetailViewContent.swift */; };
		B8C4C9231E547F05007F2861 /* HistoryViewController.swift in Sources */ = {isa = PBXBuildFile; fileRef = B8C4C9221E547F05007F2861 /* HistoryViewController.swift */; };
		B8C4C9251E547F2C007F2861 /* HistoryViewModel.swift in Sources */ = {isa = PBXBuildFile; fileRef = B8C4C9241E547F2C007F2861 /* HistoryViewModel.swift */; };
		B8C4C9271E5487AB007F2861 /* UserSnapshot.swift in Sources */ = {isa = PBXBuildFile; fileRef = B8C4C9261E5487AB007F2861 /* UserSnapshot.swift */; };
		B8CA64BE1E5665C900D4431D /* HistoryTableViewCell.swift in Sources */ = {isa = PBXBuildFile; fileRef = B8CA64BD1E5665C900D4431D /* HistoryTableViewCell.swift */; };
/* End PBXBuildFile section */

/* Begin PBXFileReference section */
		A676C526DBBB225BC576A170 /* Pods-RandomUser.debug.xcconfig */ = {isa = PBXFileReference; includeInIndex = 1; lastKnownFileType = text.xcconfig; name = "Pods-RandomUser.debug.xcconfig"; path = "Pods/Target Support Files/Pods-RandomUser/Pods-RandomUser.debug.xcconfig"; sourceTree = "<group>"; };
		B804BF771E87D7620058A86D /* DetailViewContent+Layout.swift */ = {isa = PBXFileReference; fileEncoding = 4; lastKnownFileType = sourcecode.swift; path = "DetailViewContent+Layout.swift"; sourceTree = "<group>"; };
		B804BF7A1E87DA700058A86D /* TextFormatter.swift */ = {isa = PBXFileReference; fileEncoding = 4; lastKnownFileType = sourcecode.swift; path = TextFormatter.swift; sourceTree = "<group>"; };
		B820AA3B1E2D639B00995706 /* User.swift */ = {isa = PBXFileReference; fileEncoding = 4; lastKnownFileType = sourcecode.swift; path = User.swift; sourceTree = "<group>"; };
		B820AA3D1E2D65F200995706 /* MainViewController.swift */ = {isa = PBXFileReference; fileEncoding = 4; lastKnownFileType = sourcecode.swift; path = MainViewController.swift; sourceTree = "<group>"; };
		B820AA3F1E2D660900995706 /* MainViewModel.swift */ = {isa = PBXFileReference; fileEncoding = 4; lastKnownFileType = sourcecode.swift; path = MainViewModel.swift; sourceTree = "<group>"; };
		B831076F1E38D47900F45F75 /* SortingBar.swift */ = {isa = PBXFileReference; fileEncoding = 4; lastKnownFileType = sourcecode.swift; path = SortingBar.swift; sourceTree = "<group>"; };
		B83107721E392E1800F45F75 /* UIColor+Ext.swift */ = {isa = PBXFileReference; fileEncoding = 4; lastKnownFileType = sourcecode.swift; path = "UIColor+Ext.swift"; sourceTree = "<group>"; };
		B83C03441E5DADFB00415B72 /* UILabel+Ext.swift */ = {isa = PBXFileReference; fileEncoding = 4; lastKnownFileType = sourcecode.swift; path = "UILabel+Ext.swift"; sourceTree = "<group>"; };
		B83C034C1E5DB2E000415B72 /* UITextField+Ext.swift */ = {isa = PBXFileReference; fileEncoding = 4; lastKnownFileType = sourcecode.swift; path = "UITextField+Ext.swift"; sourceTree = "<group>"; };
		B83EC4021E2D696200D2014B /* ViewControllersAssembly.swift */ = {isa = PBXFileReference; fileEncoding = 4; lastKnownFileType = sourcecode.swift; path = ViewControllersAssembly.swift; sourceTree = "<group>"; };
		B83EC4041E2D696C00D2014B /* ViewModelsAssembly.swift */ = {isa = PBXFileReference; fileEncoding = 4; lastKnownFileType = sourcecode.swift; path = ViewModelsAssembly.swift; sourceTree = "<group>"; };
		B83EC4061E2D697D00D2014B /* ManagersAssembly.swift */ = {isa = PBXFileReference; fileEncoding = 4; lastKnownFileType = sourcecode.swift; path = ManagersAssembly.swift; sourceTree = "<group>"; };
		B83EC4081E2EA8EC00D2014B /* NetworkManager.swift */ = {isa = PBXFileReference; fileEncoding = 4; lastKnownFileType = sourcecode.swift; path = NetworkManager.swift; sourceTree = "<group>"; };
		B83EC40B1E2EAABC00D2014B /* Constants.swift */ = {isa = PBXFileReference; fileEncoding = 4; lastKnownFileType = sourcecode.swift; path = Constants.swift; sourceTree = "<group>"; };
		B83EC40E1E2EAAF900D2014B /* APIManager.swift */ = {isa = PBXFileReference; fileEncoding = 4; lastKnownFileType = sourcecode.swift; path = APIManager.swift; sourceTree = "<group>"; };
		B83EC4101E2EAB1700D2014B /* APIConfig.swift */ = {isa = PBXFileReference; fileEncoding = 4; lastKnownFileType = sourcecode.swift; path = APIConfig.swift; sourceTree = "<group>"; };
		B86588571E4A0A38004D2F0A /* UIView+Ext.swift */ = {isa = PBXFileReference; fileEncoding = 4; lastKnownFileType = sourcecode.swift; path = "UIView+Ext.swift"; sourceTree = "<group>"; };
		B8852F221E48E9120054179A /* NSObject+Ext.swift */ = {isa = PBXFileReference; fileEncoding = 4; lastKnownFileType = sourcecode.swift; path = "NSObject+Ext.swift"; sourceTree = "<group>"; };
		B88E999F1E5876CF00B0309F /* DetailViewController.swift */ = {isa = PBXFileReference; fileEncoding = 4; lastKnownFileType = sourcecode.swift; path = DetailViewController.swift; sourceTree = "<group>"; };
		B89864871E64661A000CFBD2 /* Preloader.swift */ = {isa = PBXFileReference; fileEncoding = 4; lastKnownFileType = sourcecode.swift; path = Preloader.swift; sourceTree = "<group>"; };
		B89ACF421E2D5FFD00C6707B /* RandomUser.app */ = {isa = PBXFileReference; explicitFileType = wrapper.application; includeInIndex = 0; path = RandomUser.app; sourceTree = BUILT_PRODUCTS_DIR; };
		B89ACF451E2D5FFD00C6707B /* AppDelegate.swift */ = {isa = PBXFileReference; lastKnownFileType = sourcecode.swift; path = AppDelegate.swift; sourceTree = "<group>"; };
		B89ACF4C1E2D5FFD00C6707B /* Assets.xcassets */ = {isa = PBXFileReference; lastKnownFileType = folder.assetcatalog; path = Assets.xcassets; sourceTree = "<group>"; };
		B89ACF4F1E2D5FFD00C6707B /* Base */ = {isa = PBXFileReference; lastKnownFileType = file.storyboard; name = Base; path = Base.lproj/LaunchScreen.storyboard; sourceTree = "<group>"; };
		B89ACF511E2D5FFD00C6707B /* Info.plist */ = {isa = PBXFileReference; lastKnownFileType = text.plist.xml; path = Info.plist; sourceTree = "<group>"; };
		B89DD2CF1E7AD65800D32FFA /* Gender.swift */ = {isa = PBXFileReference; fileEncoding = 4; lastKnownFileType = sourcecode.swift; path = Gender.swift; sourceTree = "<group>"; };
		B89DD2D11E7AD66E00D32FFA /* SortingMode.swift */ = {isa = PBXFileReference; fileEncoding = 4; lastKnownFileType = sourcecode.swift; path = SortingMode.swift; sourceTree = "<group>"; };
		B89DD2D31E7AD67800D32FFA /* DisplayMode.swift */ = {isa = PBXFileReference; fileEncoding = 4; lastKnownFileType = sourcecode.swift; path = DisplayMode.swift; sourceTree = "<group>"; };
		B89DD2D51E7AD77700D32FFA /* LabelType.swift */ = {isa = PBXFileReference; fileEncoding = 4; lastKnownFileType = sourcecode.swift; path = LabelType.swift; sourceTree = "<group>"; };
		B89DD2DB1E7AD7AD00D32FFA /* DataError.swift */ = {isa = PBXFileReference; fileEncoding = 4; lastKnownFileType = sourcecode.swift; path = DataError.swift; sourceTree = "<group>"; };
		B8A78CF81E7B581F0045A4CB /* APIConfigDefault.swift */ = {isa = PBXFileReference; fileEncoding = 4; lastKnownFileType = sourcecode.swift; path = APIConfigDefault.swift; sourceTree = "<group>"; };
		B8AFBBA81E471DA500E25950 /* DetailViewModel.swift */ = {isa = PBXFileReference; fileEncoding = 4; lastKnownFileType = sourcecode.swift; path = DetailViewModel.swift; sourceTree = "<group>"; };
		B8AFBBAA1E47377B00E25950 /* DetailViewContent.swift */ = {isa = PBXFileReference; fileEncoding = 4; lastKnownFileType = sourcecode.swift; path = DetailViewContent.swift; sourceTree = "<group>"; };
		B8C4C9221E547F05007F2861 /* HistoryViewController.swift */ = {isa = PBXFileReference; fileEncoding = 4; lastKnownFileType = sourcecode.swift; path = HistoryViewController.swift; sourceTree = "<group>"; };
		B8C4C9241E547F2C007F2861 /* HistoryViewModel.swift */ = {isa = PBXFileReference; fileEncoding = 4; lastKnownFileType = sourcecode.swift; path = HistoryViewModel.swift; sourceTree = "<group>"; };
		B8C4C9261E5487AB007F2861 /* UserSnapshot.swift */ = {isa = PBXFileReference; fileEncoding = 4; lastKnownFileType = sourcecode.swift; path = UserSnapshot.swift; sourceTree = "<group>"; };
		B8CA64BD1E5665C900D4431D /* HistoryTableViewCell.swift */ = {isa = PBXFileReference; fileEncoding = 4; lastKnownFileType = sourcecode.swift; path = HistoryTableViewCell.swift; sourceTree = "<group>"; };
		B973A8D3775690162E3684EE /* Pods-RandomUser.release.xcconfig */ = {isa = PBXFileReference; includeInIndex = 1; lastKnownFileType = text.xcconfig; name = "Pods-RandomUser.release.xcconfig"; path = "Pods/Target Support Files/Pods-RandomUser/Pods-RandomUser.release.xcconfig"; sourceTree = "<group>"; };
		C2E3E01DDD2D50622CCF1B90 /* Pods_RandomUser.framework */ = {isa = PBXFileReference; explicitFileType = wrapper.framework; includeInIndex = 0; path = Pods_RandomUser.framework; sourceTree = BUILT_PRODUCTS_DIR; };
/* End PBXFileReference section */

/* Begin PBXFrameworksBuildPhase section */
		B89ACF3F1E2D5FFD00C6707B /* Frameworks */ = {
			isa = PBXFrameworksBuildPhase;
			buildActionMask = 2147483647;
			files = (
				918D3F01CE785A9C69E43512 /* Pods_RandomUser.framework in Frameworks */,
			);
			runOnlyForDeploymentPostprocessing = 0;
		};
/* End PBXFrameworksBuildPhase section */

/* Begin PBXGroup section */
		4F69013B4314ABB48FC9C807 /* Pods */ = {
			isa = PBXGroup;
			children = (
				A676C526DBBB225BC576A170 /* Pods-RandomUser.debug.xcconfig */,
				B973A8D3775690162E3684EE /* Pods-RandomUser.release.xcconfig */,
			);
			name = Pods;
			sourceTree = "<group>";
		};
		83E1A7E2EC6FA122656BA6A5 /* Frameworks */ = {
			isa = PBXGroup;
			children = (
				C2E3E01DDD2D50622CCF1B90 /* Pods_RandomUser.framework */,
			);
			name = Frameworks;
			sourceTree = "<group>";
		};
		B804BF791E87DA1B0058A86D /* Utils */ = {
			isa = PBXGroup;
			children = (
				B804BF7A1E87DA700058A86D /* TextFormatter.swift */,
			);
			name = Utils;
			sourceTree = "<group>";
		};
		B820AA381E2D637C00995706 /* Views */ = {
			isa = PBXGroup;
			children = (
				B820AA3D1E2D65F200995706 /* MainViewController.swift */,
				B88E999F1E5876CF00B0309F /* DetailViewController.swift */,
				B8C4C9221E547F05007F2861 /* HistoryViewController.swift */,
				B867938D1E51C4B700FBFF7C /* Subviews */,
			);
			name = Views;
			sourceTree = "<group>";
		};
		B820AA391E2D638300995706 /* Models */ = {
			isa = PBXGroup;
			children = (
				B820AA3B1E2D639B00995706 /* User.swift */,
				B8C4C9261E5487AB007F2861 /* UserSnapshot.swift */,
			);
			name = Models;
			sourceTree = "<group>";
		};
		B820AA3A1E2D638800995706 /* ViewModels */ = {
			isa = PBXGroup;
			children = (
				B820AA3F1E2D660900995706 /* MainViewModel.swift */,
				B8AFBBA81E471DA500E25950 /* DetailViewModel.swift */,
				B8C4C9241E547F2C007F2861 /* HistoryViewModel.swift */,
			);
			name = ViewModels;
			sourceTree = "<group>";
		};
		B83107711E392D8A00F45F75 /* Extensions */ = {
			isa = PBXGroup;
			children = (
				B83107721E392E1800F45F75 /* UIColor+Ext.swift */,
				B86588571E4A0A38004D2F0A /* UIView+Ext.swift */,
				B83C03441E5DADFB00415B72 /* UILabel+Ext.swift */,
				B83C034C1E5DB2E000415B72 /* UITextField+Ext.swift */,
				B8852F221E48E9120054179A /* NSObject+Ext.swift */,
			);
			name = Extensions;
			sourceTree = "<group>";
		};
		B83EC3FF1E2D691C00D2014B /* Assemblies */ = {
			isa = PBXGroup;
			children = (
				B83EC4021E2D696200D2014B /* ViewControllersAssembly.swift */,
				B83EC4041E2D696C00D2014B /* ViewModelsAssembly.swift */,
				B83EC4061E2D697D00D2014B /* ManagersAssembly.swift */,
			);
			name = Assemblies;
			sourceTree = "<group>";
		};
		B83EC40A1E2EA8EF00D2014B /* Managers */ = {
			isa = PBXGroup;
			children = (
				B83EC40E1E2EAAF900D2014B /* APIManager.swift */,
				B83EC4081E2EA8EC00D2014B /* NetworkManager.swift */,
			);
			name = Managers;
			sourceTree = "<group>";
		};
		B83EC40D1E2EAABE00D2014B /* Shared */ = {
			isa = PBXGroup;
			children = (
				B89DD2DD1E7AD7B800D32FFA /* Enums */,
				B83107711E392D8A00F45F75 /* Extensions */,
				B83EC40B1E2EAABC00D2014B /* Constants.swift */,
			);
			name = Shared;
			sourceTree = "<group>";
		};
		B867938D1E51C4B700FBFF7C /* Subviews */ = {
			isa = PBXGroup;
			children = (
				B89864871E64661A000CFBD2 /* Preloader.swift */,
				B831076F1E38D47900F45F75 /* SortingBar.swift */,
				B8AFBBAA1E47377B00E25950 /* DetailViewContent.swift */,
				B804BF771E87D7620058A86D /* DetailViewContent+Layout.swift */,
				B8CA64BD1E5665C900D4431D /* HistoryTableViewCell.swift */,
			);
			name = Subviews;
			sourceTree = "<group>";
		};
		B89ACF391E2D5FFD00C6707B = {
			isa = PBXGroup;
			children = (
				B89ACF441E2D5FFD00C6707B /* RandomUser */,
				B89ACF431E2D5FFD00C6707B /* Products */,
				4F69013B4314ABB48FC9C807 /* Pods */,
				83E1A7E2EC6FA122656BA6A5 /* Frameworks */,
			);
			sourceTree = "<group>";
		};
		B89ACF431E2D5FFD00C6707B /* Products */ = {
			isa = PBXGroup;
			children = (
				B89ACF421E2D5FFD00C6707B /* RandomUser.app */,
			);
			name = Products;
			sourceTree = "<group>";
		};
		B89ACF441E2D5FFD00C6707B /* RandomUser */ = {
			isa = PBXGroup;
			children = (
				B89ACF451E2D5FFD00C6707B /* AppDelegate.swift */,
				B820AA381E2D637C00995706 /* Views */,
				B820AA3A1E2D638800995706 /* ViewModels */,
				B820AA391E2D638300995706 /* Models */,
				B83EC40A1E2EA8EF00D2014B /* Managers */,
				B83EC3FF1E2D691C00D2014B /* Assemblies */,
				B804BF791E87DA1B0058A86D /* Utils */,
				B83EC40D1E2EAABE00D2014B /* Shared */,
				B8A78CFA1E7B58300045A4CB /* Configs */,
				B89ACF571E2D601500C6707B /* Supporting Files */,
			);
			path = RandomUser;
			sourceTree = "<group>";
		};
		B89ACF571E2D601500C6707B /* Supporting Files */ = {
			isa = PBXGroup;
			children = (
				B89ACF4C1E2D5FFD00C6707B /* Assets.xcassets */,
				B89ACF4E1E2D5FFD00C6707B /* LaunchScreen.storyboard */,
				B89ACF511E2D5FFD00C6707B /* Info.plist */,
			);
			name = "Supporting Files";
			sourceTree = "<group>";
		};
		B89DD2DD1E7AD7B800D32FFA /* Enums */ = {
			isa = PBXGroup;
			children = (
				B89DD2CF1E7AD65800D32FFA /* Gender.swift */,
				B89DD2D11E7AD66E00D32FFA /* SortingMode.swift */,
				B89DD2D31E7AD67800D32FFA /* DisplayMode.swift */,
				B89DD2D51E7AD77700D32FFA /* LabelType.swift */,
				B89DD2DB1E7AD7AD00D32FFA /* DataError.swift */,
			);
			name = Enums;
			sourceTree = "<group>";
		};
		B8A78CFA1E7B58300045A4CB /* Configs */ = {
			isa = PBXGroup;
			children = (
				B83EC4101E2EAB1700D2014B /* APIConfig.swift */,
				B8A78CF81E7B581F0045A4CB /* APIConfigDefault.swift */,
			);
			name = Configs;
			sourceTree = "<group>";
		};
/* End PBXGroup section */

/* Begin PBXNativeTarget section */
		B89ACF411E2D5FFD00C6707B /* RandomUser */ = {
			isa = PBXNativeTarget;
			buildConfigurationList = B89ACF541E2D5FFD00C6707B /* Build configuration list for PBXNativeTarget "RandomUser" */;
			buildPhases = (
				AEE5A2AB29D7D6665159FDC2 /* [CP] Check Pods Manifest.lock */,
				B89ACF3E1E2D5FFD00C6707B /* Sources */,
				B89ACF3F1E2D5FFD00C6707B /* Frameworks */,
				B89ACF401E2D5FFD00C6707B /* Resources */,
				7B7B9097B981CC6138EE6BC3 /* [CP] Embed Pods Frameworks */,
				F5EEC9A10A22202F755D862B /* [CP] Copy Pods Resources */,
			);
			buildRules = (
			);
			dependencies = (
			);
			name = RandomUser;
			productName = RandomUser;
			productReference = B89ACF421E2D5FFD00C6707B /* RandomUser.app */;
			productType = "com.apple.product-type.application";
		};
/* End PBXNativeTarget section */

/* Begin PBXProject section */
		B89ACF3A1E2D5FFD00C6707B /* Project object */ = {
			isa = PBXProject;
			attributes = {
				LastSwiftUpdateCheck = 0820;
				LastUpgradeCheck = 0820;
				ORGANIZATIONNAME = EXTENDED;
				TargetAttributes = {
					B89ACF411E2D5FFD00C6707B = {
						CreatedOnToolsVersion = 8.2.1;
						DevelopmentTeam = MRC524739E;
						ProvisioningStyle = Automatic;
					};
				};
			};
			buildConfigurationList = B89ACF3D1E2D5FFD00C6707B /* Build configuration list for PBXProject "RandomUser" */;
			compatibilityVersion = "Xcode 3.2";
			developmentRegion = English;
			hasScannedForEncodings = 0;
			knownRegions = (
				en,
				Base,
			);
			mainGroup = B89ACF391E2D5FFD00C6707B;
			productRefGroup = B89ACF431E2D5FFD00C6707B /* Products */;
			projectDirPath = "";
			projectRoot = "";
			targets = (
				B89ACF411E2D5FFD00C6707B /* RandomUser */,
			);
		};
/* End PBXProject section */

/* Begin PBXResourcesBuildPhase section */
		B89ACF401E2D5FFD00C6707B /* Resources */ = {
			isa = PBXResourcesBuildPhase;
			buildActionMask = 2147483647;
			files = (
				B89ACF501E2D5FFD00C6707B /* LaunchScreen.storyboard in Resources */,
				B89ACF4D1E2D5FFD00C6707B /* Assets.xcassets in Resources */,
			);
			runOnlyForDeploymentPostprocessing = 0;
		};
/* End PBXResourcesBuildPhase section */

/* Begin PBXShellScriptBuildPhase section */
		7B7B9097B981CC6138EE6BC3 /* [CP] Embed Pods Frameworks */ = {
			isa = PBXShellScriptBuildPhase;
			buildActionMask = 2147483647;
			files = (
			);
			inputPaths = (
			);
			name = "[CP] Embed Pods Frameworks";
			outputPaths = (
			);
			runOnlyForDeploymentPostprocessing = 0;
			shellPath = /bin/sh;
			shellScript = "\"${SRCROOT}/Pods/Target Support Files/Pods-RandomUser/Pods-RandomUser-frameworks.sh\"\n";
			showEnvVarsInLog = 0;
		};
		AEE5A2AB29D7D6665159FDC2 /* [CP] Check Pods Manifest.lock */ = {
			isa = PBXShellScriptBuildPhase;
			buildActionMask = 2147483647;
			files = (
			);
			inputPaths = (
			);
			name = "[CP] Check Pods Manifest.lock";
			outputPaths = (
			);
			runOnlyForDeploymentPostprocessing = 0;
			shellPath = /bin/sh;
			shellScript = "diff \"${PODS_ROOT}/../Podfile.lock\" \"${PODS_ROOT}/Manifest.lock\" > /dev/null\nif [ $? != 0 ] ; then\n    # print error to STDERR\n    echo \"error: The sandbox is not in sync with the Podfile.lock. Run 'pod install' or update your CocoaPods installation.\" >&2\n    exit 1\nfi\n";
			showEnvVarsInLog = 0;
		};
		F5EEC9A10A22202F755D862B /* [CP] Copy Pods Resources */ = {
			isa = PBXShellScriptBuildPhase;
			buildActionMask = 2147483647;
			files = (
			);
			inputPaths = (
			);
			name = "[CP] Copy Pods Resources";
			outputPaths = (
			);
			runOnlyForDeploymentPostprocessing = 0;
			shellPath = /bin/sh;
			shellScript = "\"${SRCROOT}/Pods/Target Support Files/Pods-RandomUser/Pods-RandomUser-resources.sh\"\n";
			showEnvVarsInLog = 0;
		};
/* End PBXShellScriptBuildPhase section */

/* Begin PBXSourcesBuildPhase section */
		B89ACF3E1E2D5FFD00C6707B /* Sources */ = {
			isa = PBXSourcesBuildPhase;
			buildActionMask = 2147483647;
			files = (
				B83EC4051E2D696C00D2014B /* ViewModelsAssembly.swift in Sources */,
				B820AA3E1E2D65F200995706 /* MainViewController.swift in Sources */,
				B83EC4111E2EAB1700D2014B /* APIConfig.swift in Sources */,
				B8AFBBAB1E47377B00E25950 /* DetailViewContent.swift in Sources */,
				B83EC40F1E2EAAF900D2014B /* APIManager.swift in Sources */,
				B804BF7B1E87DA700058A86D /* TextFormatter.swift in Sources */,
				B83107701E38D47900F45F75 /* SortingBar.swift in Sources */,
				B83EC4071E2D697D00D2014B /* ManagersAssembly.swift in Sources */,
				B8A78CF91E7B581F0045A4CB /* APIConfigDefault.swift in Sources */,
				B83107731E392E1800F45F75 /* UIColor+Ext.swift in Sources */,
				B8C4C9251E547F2C007F2861 /* HistoryViewModel.swift in Sources */,
				B86588581E4A0A38004D2F0A /* UIView+Ext.swift in Sources */,
				B89DD2D61E7AD77700D32FFA /* LabelType.swift in Sources */,
				B820AA3C1E2D639B00995706 /* User.swift in Sources */,
				B8C4C9231E547F05007F2861 /* HistoryViewController.swift in Sources */,
				B8C4C9271E5487AB007F2861 /* UserSnapshot.swift in Sources */,
				B89DD2D21E7AD66E00D32FFA /* SortingMode.swift in Sources */,
				B89864881E64661A000CFBD2 /* Preloader.swift in Sources */,
				B804BF781E87D7620058A86D /* DetailViewContent+Layout.swift in Sources */,
				B83EC4091E2EA8EC00D2014B /* NetworkManager.swift in Sources */,
				B89ACF461E2D5FFD00C6707B /* AppDelegate.swift in Sources */,
				B88E99A01E5876CF00B0309F /* DetailViewController.swift in Sources */,
				B83EC40C1E2EAABC00D2014B /* Constants.swift in Sources */,
				B8CA64BE1E5665C900D4431D /* HistoryTableViewCell.swift in Sources */,
				B89DD2D41E7AD67800D32FFA /* DisplayMode.swift in Sources */,
				B89DD2D01E7AD65800D32FFA /* Gender.swift in Sources */,
				B83C034D1E5DB2E000415B72 /* UITextField+Ext.swift in Sources */,
				B83C03451E5DADFB00415B72 /* UILabel+Ext.swift in Sources */,
				B820AA401E2D660900995706 /* MainViewModel.swift in Sources */,
				B83EC4031E2D696200D2014B /* ViewControllersAssembly.swift in Sources */,
				B8852F231E48E9120054179A /* NSObject+Ext.swift in Sources */,
				B8AFBBA91E471DA500E25950 /* DetailViewModel.swift in Sources */,
				B89DD2DC1E7AD7AD00D32FFA /* DataError.swift in Sources */,
			);
			runOnlyForDeploymentPostprocessing = 0;
		};
/* End PBXSourcesBuildPhase section */

/* Begin PBXVariantGroup section */
		B89ACF4E1E2D5FFD00C6707B /* LaunchScreen.storyboard */ = {
			isa = PBXVariantGroup;
			children = (
				B89ACF4F1E2D5FFD00C6707B /* Base */,
			);
			name = LaunchScreen.storyboard;
			sourceTree = "<group>";
		};
/* End PBXVariantGroup section */

/* Begin XCBuildConfiguration section */
		B89ACF521E2D5FFD00C6707B /* Debug */ = {
			isa = XCBuildConfiguration;
			buildSettings = {
				ALWAYS_SEARCH_USER_PATHS = NO;
				CLANG_ANALYZER_NONNULL = YES;
				CLANG_CXX_LANGUAGE_STANDARD = "gnu++0x";
				CLANG_CXX_LIBRARY = "libc++";
				CLANG_ENABLE_MODULES = YES;
				CLANG_ENABLE_OBJC_ARC = YES;
				CLANG_WARN_BOOL_CONVERSION = YES;
				CLANG_WARN_CONSTANT_CONVERSION = YES;
				CLANG_WARN_DIRECT_OBJC_ISA_USAGE = YES_ERROR;
				CLANG_WARN_DOCUMENTATION_COMMENTS = YES;
				CLANG_WARN_EMPTY_BODY = YES;
				CLANG_WARN_ENUM_CONVERSION = YES;
				CLANG_WARN_INFINITE_RECURSION = YES;
				CLANG_WARN_INT_CONVERSION = YES;
				CLANG_WARN_OBJC_ROOT_CLASS = YES_ERROR;
				CLANG_WARN_SUSPICIOUS_MOVE = YES;
				CLANG_WARN_UNREACHABLE_CODE = YES;
				CLANG_WARN__DUPLICATE_METHOD_MATCH = YES;
				"CODE_SIGN_IDENTITY[sdk=iphoneos*]" = "iPhone Developer";
				COPY_PHASE_STRIP = NO;
				DEBUG_INFORMATION_FORMAT = dwarf;
				ENABLE_STRICT_OBJC_MSGSEND = YES;
				ENABLE_TESTABILITY = YES;
				GCC_C_LANGUAGE_STANDARD = gnu99;
				GCC_DYNAMIC_NO_PIC = NO;
				GCC_NO_COMMON_BLOCKS = YES;
				GCC_OPTIMIZATION_LEVEL = 0;
				GCC_PREPROCESSOR_DEFINITIONS = (
					"DEBUG=1",
					"$(inherited)",
				);
				GCC_WARN_64_TO_32_BIT_CONVERSION = YES;
				GCC_WARN_ABOUT_RETURN_TYPE = YES_ERROR;
				GCC_WARN_UNDECLARED_SELECTOR = YES;
				GCC_WARN_UNINITIALIZED_AUTOS = YES_AGGRESSIVE;
				GCC_WARN_UNUSED_FUNCTION = YES;
				GCC_WARN_UNUSED_VARIABLE = YES;
				IPHONEOS_DEPLOYMENT_TARGET = 9.0;
				MTL_ENABLE_DEBUG_INFO = YES;
				ONLY_ACTIVE_ARCH = YES;
				SDKROOT = iphoneos;
				SWIFT_ACTIVE_COMPILATION_CONDITIONS = DEBUG;
				SWIFT_OPTIMIZATION_LEVEL = "-Onone";
			};
			name = Debug;
		};
		B89ACF531E2D5FFD00C6707B /* Release */ = {
			isa = XCBuildConfiguration;
			buildSettings = {
				ALWAYS_SEARCH_USER_PATHS = NO;
				CLANG_ANALYZER_NONNULL = YES;
				CLANG_CXX_LANGUAGE_STANDARD = "gnu++0x";
				CLANG_CXX_LIBRARY = "libc++";
				CLANG_ENABLE_MODULES = YES;
				CLANG_ENABLE_OBJC_ARC = YES;
				CLANG_WARN_BOOL_CONVERSION = YES;
				CLANG_WARN_CONSTANT_CONVERSION = YES;
				CLANG_WARN_DIRECT_OBJC_ISA_USAGE = YES_ERROR;
				CLANG_WARN_DOCUMENTATION_COMMENTS = YES;
				CLANG_WARN_EMPTY_BODY = YES;
				CLANG_WARN_ENUM_CONVERSION = YES;
				CLANG_WARN_INFINITE_RECURSION = YES;
				CLANG_WARN_INT_CONVERSION = YES;
				CLANG_WARN_OBJC_ROOT_CLASS = YES_ERROR;
				CLANG_WARN_SUSPICIOUS_MOVE = YES;
				CLANG_WARN_UNREACHABLE_CODE = YES;
				CLANG_WARN__DUPLICATE_METHOD_MATCH = YES;
				"CODE_SIGN_IDENTITY[sdk=iphoneos*]" = "iPhone Developer";
				COPY_PHASE_STRIP = NO;
				DEBUG_INFORMATION_FORMAT = "dwarf-with-dsym";
				ENABLE_NS_ASSERTIONS = NO;
				ENABLE_STRICT_OBJC_MSGSEND = YES;
				GCC_C_LANGUAGE_STANDARD = gnu99;
				GCC_NO_COMMON_BLOCKS = YES;
				GCC_WARN_64_TO_32_BIT_CONVERSION = YES;
				GCC_WARN_ABOUT_RETURN_TYPE = YES_ERROR;
				GCC_WARN_UNDECLARED_SELECTOR = YES;
				GCC_WARN_UNINITIALIZED_AUTOS = YES_AGGRESSIVE;
				GCC_WARN_UNUSED_FUNCTION = YES;
				GCC_WARN_UNUSED_VARIABLE = YES;
				IPHONEOS_DEPLOYMENT_TARGET = 9.0;
				MTL_ENABLE_DEBUG_INFO = NO;
				SDKROOT = iphoneos;
				SWIFT_OPTIMIZATION_LEVEL = "-Owholemodule";
				VALIDATE_PRODUCT = YES;
			};
			name = Release;
		};
		B89ACF551E2D5FFD00C6707B /* Debug */ = {
			isa = XCBuildConfiguration;
			baseConfigurationReference = A676C526DBBB225BC576A170 /* Pods-RandomUser.debug.xcconfig */;
			buildSettings = {
				ALWAYS_EMBED_SWIFT_STANDARD_LIBRARIES = YES;
				ASSETCATALOG_COMPILER_APPICON_NAME = AppIcon;
				DEVELOPMENT_TEAM = MRC524739E;
				INFOPLIST_FILE = RandomUser/Info.plist;
				LD_RUNPATH_SEARCH_PATHS = "$(inherited) @executable_path/Frameworks";
				PRODUCT_BUNDLE_IDENTIFIER = com.extdd.RandomUser;
				PRODUCT_NAME = "$(TARGET_NAME)";
				SWIFT_VERSION = 3.0;
			};
			name = Debug;
		};
		B89ACF561E2D5FFD00C6707B /* Release */ = {
			isa = XCBuildConfiguration;
			baseConfigurationReference = B973A8D3775690162E3684EE /* Pods-RandomUser.release.xcconfig */;
			buildSettings = {
				ALWAYS_EMBED_SWIFT_STANDARD_LIBRARIES = YES;
				ASSETCATALOG_COMPILER_APPICON_NAME = AppIcon;
				DEVELOPMENT_TEAM = MRC524739E;
				INFOPLIST_FILE = RandomUser/Info.plist;
				LD_RUNPATH_SEARCH_PATHS = "$(inherited) @executable_path/Frameworks";
				PRODUCT_BUNDLE_IDENTIFIER = com.extdd.RandomUser;
				PRODUCT_NAME = "$(TARGET_NAME)";
				SWIFT_VERSION = 3.0;
			};
			name = Release;
		};
/* End XCBuildConfiguration section */

/* Begin XCConfigurationList section */
		B89ACF3D1E2D5FFD00C6707B /* Build configuration list for PBXProject "RandomUser" */ = {
			isa = XCConfigurationList;
			buildConfigurations = (
				B89ACF521E2D5FFD00C6707B /* Debug */,
				B89ACF531E2D5FFD00C6707B /* Release */,
			);
			defaultConfigurationIsVisible = 0;
			defaultConfigurationName = Release;
		};
		B89ACF541E2D5FFD00C6707B /* Build configuration list for PBXNativeTarget "RandomUser" */ = {
			isa = XCConfigurationList;
			buildConfigurations = (
				B89ACF551E2D5FFD00C6707B /* Debug */,
				B89ACF561E2D5FFD00C6707B /* Release */,
			);
			defaultConfigurationIsVisible = 0;
			defaultConfigurationName = Release;
		};
/* End XCConfigurationList section */
	};
	rootObject = B89ACF3A1E2D5FFD00C6707B /* Project object */;
}
